{
  "originHash" : "4aa3d4492c4ec4578da4f99efc8991b7cb9d39c0c51bc0079464e446521161ec",
  "pins" : [
    {
      "identity" : "euclid",
      "kind" : "remoteSourceControl",
      "location" : "git@github.com:nicklockwood/Euclid.git",
      "state" : {
        "branch" : "main",
        "revision" : "0409eab36ce4e726e5c66f8885500fb97b030994"
      }
    }
  ],
  "version" : 3
}
