{
  "originHash" : "1cbf2461b9b817ebd39062db7085b0d677d803d230ca1de541928d3176ec5112",
  "pins" : [
    {
      "identity" : "deltille",
      "kind" : "remoteSourceControl",
      "location" : "git@github.com:zilmarinen/Deltille.git",
      "state" : {
        "branch" : "main",
        "revision" : "1e2dfe7b1517ede73c8109c6a40815a2ea436322"
      }
    },
    {
      "identity" : "euclid",
      "kind" : "remoteSourceControl",
      "location" : "git@github.com:nicklockwood/Euclid.git",
      "state" : {
        "branch" : "main",
        "revision" : "0409eab36ce4e726e5c66f8885500fb97b030994"
      }
    }
  ],
  "version" : 3
}
